
Microsoft Visual Studio Solution File, Format Version 12.00
# Visual Studio Version 16
VisualStudioVersion = 16.0.31702.278
MinimumVisualStudioVersion = 10.0.40219.1
Project("{FAE04EC0-301F-11D3-BF4B-00C04F79EFBC}") = "LinkedList", "LinkedList.csproj", "{2926E381-EB59-4D62-8A70-926840BAE01B}"
EndProject
Global
	GlobalSection(SolutionConfigurationPlatforms) = preSolution
		Debug|Any CPU = Debug|Any CPU
		Release|Any CPU = Release|Any CPU
	EndGlobalSection
	GlobalSection(ProjectConfigurationPlatforms) = postSolution
		{2926E381-EB59-4D62-8A70-926840BAE01B}.Debug|Any CPU.ActiveCfg = Debug|Any CPU
		{2926E381-EB59-4D62-8A70-926840BAE01B}.Debug|Any CPU.Build.0 = Debug|Any CPU
		{2926E381-EB59-4D62-8A70-926840BAE01B}.Release|Any CPU.ActiveCfg = Release|Any CPU
		{2926E381-EB59-4D62-8A70-926840BAE01B}.Release|Any CPU.Build.0 = Release|Any CPU
	EndGlobalSection
	GlobalSection(SolutionProperties) = preSolution
		HideSolutionNode = FALSE
	EndGlobalSection
	GlobalSection(ExtensibilityGlobals) = postSolution
		SolutionGuid = {9A2296C7-4E05-44CA-8FFC-3360C2C800AC}
	EndGlobalSection
EndGlobal
