
Microsoft Visual Studio Solution File, Format Version 12.00
# Visual Studio Version 16
VisualStudioVersion = 16.0.31702.278
MinimumVisualStudioVersion = 10.0.40219.1
Project("{FAE04EC0-301F-11D3-BF4B-00C04F79EFBC}") = "LinkedList9", "LinkedList9.csproj", "{819EE0A2-0F12-44E1-8BE6-243D9B7FE374}"
EndProject
Global
	GlobalSection(SolutionConfigurationPlatforms) = preSolution
		Debug|Any CPU = Debug|Any CPU
		Release|Any CPU = Release|Any CPU
	EndGlobalSection
	GlobalSection(ProjectConfigurationPlatforms) = postSolution
		{819EE0A2-0F12-44E1-8BE6-243D9B7FE374}.Debug|Any CPU.ActiveCfg = Debug|Any CPU
		{819EE0A2-0F12-44E1-8BE6-243D9B7FE374}.Debug|Any CPU.Build.0 = Debug|Any CPU
		{819EE0A2-0F12-44E1-8BE6-243D9B7FE374}.Release|Any CPU.ActiveCfg = Release|Any CPU
		{819EE0A2-0F12-44E1-8BE6-243D9B7FE374}.Release|Any CPU.Build.0 = Release|Any CPU
	EndGlobalSection
	GlobalSection(SolutionProperties) = preSolution
		HideSolutionNode = FALSE
	EndGlobalSection
	GlobalSection(ExtensibilityGlobals) = postSolution
		SolutionGuid = {364A708A-5369-4AA9-BBC0-E072B5398EA6}
	EndGlobalSection
EndGlobal
