
Microsoft Visual Studio Solution File, Format Version 12.00
# Visual Studio Version 16
VisualStudioVersion = 16.0.31702.278
MinimumVisualStudioVersion = 10.0.40219.1
Project("{FAE04EC0-301F-11D3-BF4B-00C04F79EFBC}") = "LinkedList2", "LinkedList2.csproj", "{7F69837F-6761-4400-BF79-F2E6C0189B6E}"
EndProject
Global
	GlobalSection(SolutionConfigurationPlatforms) = preSolution
		Debug|Any CPU = Debug|Any CPU
		Release|Any CPU = Release|Any CPU
	EndGlobalSection
	GlobalSection(ProjectConfigurationPlatforms) = postSolution
		{7F69837F-6761-4400-BF79-F2E6C0189B6E}.Debug|Any CPU.ActiveCfg = Debug|Any CPU
		{7F69837F-6761-4400-BF79-F2E6C0189B6E}.Debug|Any CPU.Build.0 = Debug|Any CPU
		{7F69837F-6761-4400-BF79-F2E6C0189B6E}.Release|Any CPU.ActiveCfg = Release|Any CPU
		{7F69837F-6761-4400-BF79-F2E6C0189B6E}.Release|Any CPU.Build.0 = Release|Any CPU
	EndGlobalSection
	GlobalSection(SolutionProperties) = preSolution
		HideSolutionNode = FALSE
	EndGlobalSection
	GlobalSection(ExtensibilityGlobals) = postSolution
		SolutionGuid = {99966055-F541-48DF-BB81-BC58B5DB5FA8}
	EndGlobalSection
EndGlobal
